
Microsoft Visual Studio Solution File, Format Version 12.00
# Visual Studio Version 16
VisualStudioVersion = 16.0.28803.452
MinimumVisualStudioVersion = 10.0.40219.1
Project("{FAE04EC0-301F-11D3-BF4B-00C04F79EFBC}") = "Ping_Recorder", "Ping_Recorder\Ping_Recorder.csproj", "{F2744F02-D9F6-4024-9D74-A51F7CE7DB84}"
EndProject
Global
	GlobalSection(SolutionConfigurationPlatforms) = preSolution
		Debug|Any CPU = Debug|Any CPU
		Release|Any CPU = Release|Any CPU
	EndGlobalSection
	GlobalSection(ProjectConfigurationPlatforms) = postSolution
		{F2744F02-D9F6-4024-9D74-A51F7CE7DB84}.Debug|Any CPU.ActiveCfg = Debug|Any CPU
		{F2744F02-D9F6-4024-9D74-A51F7CE7DB84}.Debug|Any CPU.Build.0 = Debug|Any CPU
		{F2744F02-D9F6-4024-9D74-A51F7CE7DB84}.Release|Any CPU.ActiveCfg = Release|Any CPU
		{F2744F02-D9F6-4024-9D74-A51F7CE7DB84}.Release|Any CPU.Build.0 = Release|Any CPU
	EndGlobalSection
	GlobalSection(SolutionProperties) = preSolution
		HideSolutionNode = FALSE
	EndGlobalSection
	GlobalSection(ExtensibilityGlobals) = postSolution
		SolutionGuid = {FFBF8D65-DB68-435C-BED1-A2298CBFA965}
	EndGlobalSection
EndGlobal
